
Microsoft Visual Studio Solution File, Format Version 12.00
Project("{FAE04EC0-301F-11D3-BF4B-00C04F79EFBC}") = "TFG", "TFG\TFG.csproj", "{79302AF5-1B4D-404F-B9B4-2CF982537C6A}"
EndProject
Global
	GlobalSection(SolutionConfigurationPlatforms) = preSolution
		Debug|Any CPU = Debug|Any CPU
		Release|Any CPU = Release|Any CPU
		EXPORT_PREFABS|Any CPU = EXPORT_PREFABS|Any CPU
	EndGlobalSection
	GlobalSection(ProjectConfigurationPlatforms) = postSolution
		{79302AF5-1B4D-404F-B9B4-2CF982537C6A}.Debug|Any CPU.ActiveCfg = Debug|Any CPU
		{79302AF5-1B4D-404F-B9B4-2CF982537C6A}.Debug|Any CPU.Build.0 = Debug|Any CPU
		{79302AF5-1B4D-404F-B9B4-2CF982537C6A}.Release|Any CPU.ActiveCfg = Debug|Any CPU
		{79302AF5-1B4D-404F-B9B4-2CF982537C6A}.Release|Any CPU.Build.0 = Debug|Any CPU
		{79302AF5-1B4D-404F-B9B4-2CF982537C6A}.Release|Any CPU.Deploy.0 = Debug|Any CPU
		{79302AF5-1B4D-404F-B9B4-2CF982537C6A}.EXPORT_PREFABS|Any CPU.ActiveCfg = EXPORT_PREFABS|Any CPU
		{79302AF5-1B4D-404F-B9B4-2CF982537C6A}.EXPORT_PREFABS|Any CPU.Build.0 = EXPORT_PREFABS|Any CPU
	EndGlobalSection
EndGlobal
